
Microsoft Visual Studio Solution File, Format Version 12.00
# Visual Studio Version 17
VisualStudioVersion = 17.5.33516.290
MinimumVisualStudioVersion = 10.0.40219.1
Project("{FAE04EC0-301F-11D3-BF4B-00C04F79EFBC}") = "MoviesApi", "Movie\MoviesApi.csproj", "{9FAAEF71-6B2C-461C-B6B4-13C6F7B88F95}"
EndProject
Global
	GlobalSection(SolutionConfigurationPlatforms) = preSolution
		Debug|Any CPU = Debug|Any CPU
		Release|Any CPU = Release|Any CPU
	EndGlobalSection
	GlobalSection(ProjectConfigurationPlatforms) = postSolution
		{9FAAEF71-6B2C-461C-B6B4-13C6F7B88F95}.Debug|Any CPU.ActiveCfg = Debug|Any CPU
		{9FAAEF71-6B2C-461C-B6B4-13C6F7B88F95}.Debug|Any CPU.Build.0 = Debug|Any CPU
		{9FAAEF71-6B2C-461C-B6B4-13C6F7B88F95}.Release|Any CPU.ActiveCfg = Release|Any CPU
		{9FAAEF71-6B2C-461C-B6B4-13C6F7B88F95}.Release|Any CPU.Build.0 = Release|Any CPU
	EndGlobalSection
	GlobalSection(SolutionProperties) = preSolution
		HideSolutionNode = FALSE
	EndGlobalSection
	GlobalSection(ExtensibilityGlobals) = postSolution
		SolutionGuid = {288FAF65-44FF-448E-B8BD-4A213C01E128}
	EndGlobalSection
EndGlobal
